
Microsoft Visual Studio Solution File, Format Version 12.00
# Visual Studio Version 16
VisualStudioVersion = 16.7.30413.136
MinimumVisualStudioVersion = 10.0.40219.1
Project("{FAE04EC0-301F-11D3-BF4B-00C04F79EFBC}") = "MQTTnetClient", "MQTTnetClient\MQTTnetClient.csproj", "{CBE45B4E-7919-431D-A30F-3790A78EA079}"
EndProject
Project("{FAE04EC0-301F-11D3-BF4B-00C04F79EFBC}") = "MQTTnetServer", "MQTTnetServer\MQTTnetServer.csproj", "{EB2601E7-BD60-4068-9010-9BAEB8AFF1A4}"
EndProject
Global
	GlobalSection(SolutionConfigurationPlatforms) = preSolution
		Debug|Any CPU = Debug|Any CPU
		Release|Any CPU = Release|Any CPU
	EndGlobalSection
	GlobalSection(ProjectConfigurationPlatforms) = postSolution
		{CBE45B4E-7919-431D-A30F-3790A78EA079}.Debug|Any CPU.ActiveCfg = Debug|Any CPU
		{CBE45B4E-7919-431D-A30F-3790A78EA079}.Debug|Any CPU.Build.0 = Debug|Any CPU
		{CBE45B4E-7919-431D-A30F-3790A78EA079}.Release|Any CPU.ActiveCfg = Release|Any CPU
		{CBE45B4E-7919-431D-A30F-3790A78EA079}.Release|Any CPU.Build.0 = Release|Any CPU
		{EB2601E7-BD60-4068-9010-9BAEB8AFF1A4}.Debug|Any CPU.ActiveCfg = Debug|Any CPU
		{EB2601E7-BD60-4068-9010-9BAEB8AFF1A4}.Debug|Any CPU.Build.0 = Debug|Any CPU
		{EB2601E7-BD60-4068-9010-9BAEB8AFF1A4}.Release|Any CPU.ActiveCfg = Release|Any CPU
		{EB2601E7-BD60-4068-9010-9BAEB8AFF1A4}.Release|Any CPU.Build.0 = Release|Any CPU
	EndGlobalSection
	GlobalSection(SolutionProperties) = preSolution
		HideSolutionNode = FALSE
	EndGlobalSection
	GlobalSection(ExtensibilityGlobals) = postSolution
		SolutionGuid = {4E37268A-53FA-4F12-8CC2-3763A411C11E}
	EndGlobalSection
EndGlobal
